
Microsoft Visual Studio Solution File, Format Version 12.00
# Visual Studio Version 17
VisualStudioVersion = 17.2.32526.322
MinimumVisualStudioVersion = 10.0.40219.1
Project("{9A19103F-16F7-4668-BE54-9A1E7A4F7556}") = "AutomataNETjuegos.Contratos", "AutomataNETjuegos.Contratos.csproj", "{02F7FD65-6F76-4525-A651-2C4577A36433}"
EndProject
Global
	GlobalSection(SolutionConfigurationPlatforms) = preSolution
		Debug|Any CPU = Debug|Any CPU
		Release|Any CPU = Release|Any CPU
	EndGlobalSection
	GlobalSection(ProjectConfigurationPlatforms) = postSolution
		{02F7FD65-6F76-4525-A651-2C4577A36433}.Debug|Any CPU.ActiveCfg = Debug|Any CPU
		{02F7FD65-6F76-4525-A651-2C4577A36433}.Debug|Any CPU.Build.0 = Debug|Any CPU
		{02F7FD65-6F76-4525-A651-2C4577A36433}.Release|Any CPU.ActiveCfg = Release|Any CPU
		{02F7FD65-6F76-4525-A651-2C4577A36433}.Release|Any CPU.Build.0 = Release|Any CPU
	EndGlobalSection
	GlobalSection(SolutionProperties) = preSolution
		HideSolutionNode = FALSE
	EndGlobalSection
	GlobalSection(ExtensibilityGlobals) = postSolution
		SolutionGuid = {9716A1B3-5813-4C9A-BEE3-7080CBE5718D}
	EndGlobalSection
EndGlobal
